
Microsoft Visual Studio Solution File, Format Version 12.00
# Visual Studio 15
VisualStudioVersion = 15.0.26020.0
MinimumVisualStudioVersion = 10.0.40219.1
Project("{2150E333-8FDC-42A3-9474-1A3956D46DE8}") = "1. Creational", "1. Creational", "{5E2B186A-D164-463F-81FB-02962FECD672}"
EndProject
Project("{2150E333-8FDC-42A3-9474-1A3956D46DE8}") = "2. Structural", "2. Structural", "{A2BBADC8-1AD6-47DC-A1B8-19F443EA13B0}"
EndProject
Project("{2150E333-8FDC-42A3-9474-1A3956D46DE8}") = "3. Behavioral", "3. Behavioral", "{B319912E-B118-4F07-913B-A845CF451633}"
EndProject
Project("{9A19103F-16F7-4668-BE54-9A1E7A4F7556}") = "Bridge", "Bridge\Bridge.csproj", "{82F598EE-C92C-4343-9E84-0CFC01361A8B}"
EndProject
Project("{FAE04EC0-301F-11D3-BF4B-00C04F79EFBC}") = "Memento", "Memento\Memento.csproj", "{61EABB7E-70C5-4DD3-9803-F150D4802B70}"
EndProject
Project("{FAE04EC0-301F-11D3-BF4B-00C04F79EFBC}") = "State", "State\State.csproj", "{CD92DCB1-BC90-4D95-9273-447B6DFC209F}"
EndProject
Project("{FAE04EC0-301F-11D3-BF4B-00C04F79EFBC}") = "Strategy", "Strategy\Strategy.csproj", "{3F08A755-28D5-4F85-BE68-84BBA61B36CD}"
EndProject
Project("{FAE04EC0-301F-11D3-BF4B-00C04F79EFBC}") = "Template", "Template\Template.csproj", "{F48511B6-7A02-4FFB-BDCB-E6D117661DAD}"
EndProject
Project("{FAE04EC0-301F-11D3-BF4B-00C04F79EFBC}") = "Prototype", "Prototype\Prototype.csproj", "{9BB4373F-F2F8-4CB3-B1B2-74E5864DE058}"
EndProject
Project("{FAE04EC0-301F-11D3-BF4B-00C04F79EFBC}") = "Proxy", "Proxy\Proxy.csproj", "{7B15E1B3-5459-4004-97C2-F4F2D2B2B066}"
EndProject
Project("{FAE04EC0-301F-11D3-BF4B-00C04F79EFBC}") = "Flyweight", "Flyweight\Flyweight.csproj", "{CBCEB039-9A0C-48B4-AE33-260B8E9130DD}"
EndProject
Project("{FAE04EC0-301F-11D3-BF4B-00C04F79EFBC}") = "Facade", "Facade\Facade.csproj", "{2F2F746E-2AF8-4C31-82A1-408C5EDF25E0}"
EndProject
Global
	GlobalSection(SolutionConfigurationPlatforms) = preSolution
		Debug|Any CPU = Debug|Any CPU
		Debug|x64 = Debug|x64
		Debug|x86 = Debug|x86
		Release|Any CPU = Release|Any CPU
		Release|x64 = Release|x64
		Release|x86 = Release|x86
	EndGlobalSection
	GlobalSection(ProjectConfigurationPlatforms) = postSolution
		{82F598EE-C92C-4343-9E84-0CFC01361A8B}.Debug|Any CPU.ActiveCfg = Debug|Any CPU
		{82F598EE-C92C-4343-9E84-0CFC01361A8B}.Debug|Any CPU.Build.0 = Debug|Any CPU
		{82F598EE-C92C-4343-9E84-0CFC01361A8B}.Debug|x64.ActiveCfg = Debug|Any CPU
		{82F598EE-C92C-4343-9E84-0CFC01361A8B}.Debug|x64.Build.0 = Debug|Any CPU
		{82F598EE-C92C-4343-9E84-0CFC01361A8B}.Debug|x86.ActiveCfg = Debug|Any CPU
		{82F598EE-C92C-4343-9E84-0CFC01361A8B}.Debug|x86.Build.0 = Debug|Any CPU
		{82F598EE-C92C-4343-9E84-0CFC01361A8B}.Release|Any CPU.ActiveCfg = Release|Any CPU
		{82F598EE-C92C-4343-9E84-0CFC01361A8B}.Release|Any CPU.Build.0 = Release|Any CPU
		{82F598EE-C92C-4343-9E84-0CFC01361A8B}.Release|x64.ActiveCfg = Release|Any CPU
		{82F598EE-C92C-4343-9E84-0CFC01361A8B}.Release|x64.Build.0 = Release|Any CPU
		{82F598EE-C92C-4343-9E84-0CFC01361A8B}.Release|x86.ActiveCfg = Release|Any CPU
		{82F598EE-C92C-4343-9E84-0CFC01361A8B}.Release|x86.Build.0 = Release|Any CPU
		{61EABB7E-70C5-4DD3-9803-F150D4802B70}.Debug|Any CPU.ActiveCfg = Debug|Any CPU
		{61EABB7E-70C5-4DD3-9803-F150D4802B70}.Debug|Any CPU.Build.0 = Debug|Any CPU
		{61EABB7E-70C5-4DD3-9803-F150D4802B70}.Debug|x64.ActiveCfg = Debug|Any CPU
		{61EABB7E-70C5-4DD3-9803-F150D4802B70}.Debug|x64.Build.0 = Debug|Any CPU
		{61EABB7E-70C5-4DD3-9803-F150D4802B70}.Debug|x86.ActiveCfg = Debug|Any CPU
		{61EABB7E-70C5-4DD3-9803-F150D4802B70}.Debug|x86.Build.0 = Debug|Any CPU
		{61EABB7E-70C5-4DD3-9803-F150D4802B70}.Release|Any CPU.ActiveCfg = Release|Any CPU
		{61EABB7E-70C5-4DD3-9803-F150D4802B70}.Release|Any CPU.Build.0 = Release|Any CPU
		{61EABB7E-70C5-4DD3-9803-F150D4802B70}.Release|x64.ActiveCfg = Release|Any CPU
		{61EABB7E-70C5-4DD3-9803-F150D4802B70}.Release|x64.Build.0 = Release|Any CPU
		{61EABB7E-70C5-4DD3-9803-F150D4802B70}.Release|x86.ActiveCfg = Release|Any CPU
		{61EABB7E-70C5-4DD3-9803-F150D4802B70}.Release|x86.Build.0 = Release|Any CPU
		{CD92DCB1-BC90-4D95-9273-447B6DFC209F}.Debug|Any CPU.ActiveCfg = Debug|Any CPU
		{CD92DCB1-BC90-4D95-9273-447B6DFC209F}.Debug|Any CPU.Build.0 = Debug|Any CPU
		{CD92DCB1-BC90-4D95-9273-447B6DFC209F}.Debug|x64.ActiveCfg = Debug|Any CPU
		{CD92DCB1-BC90-4D95-9273-447B6DFC209F}.Debug|x64.Build.0 = Debug|Any CPU
		{CD92DCB1-BC90-4D95-9273-447B6DFC209F}.Debug|x86.ActiveCfg = Debug|Any CPU
		{CD92DCB1-BC90-4D95-9273-447B6DFC209F}.Debug|x86.Build.0 = Debug|Any CPU
		{CD92DCB1-BC90-4D95-9273-447B6DFC209F}.Release|Any CPU.ActiveCfg = Release|Any CPU
		{CD92DCB1-BC90-4D95-9273-447B6DFC209F}.Release|Any CPU.Build.0 = Release|Any CPU
		{CD92DCB1-BC90-4D95-9273-447B6DFC209F}.Release|x64.ActiveCfg = Release|Any CPU
		{CD92DCB1-BC90-4D95-9273-447B6DFC209F}.Release|x64.Build.0 = Release|Any CPU
		{CD92DCB1-BC90-4D95-9273-447B6DFC209F}.Release|x86.ActiveCfg = Release|Any CPU
		{CD92DCB1-BC90-4D95-9273-447B6DFC209F}.Release|x86.Build.0 = Release|Any CPU
		{3F08A755-28D5-4F85-BE68-84BBA61B36CD}.Debug|Any CPU.ActiveCfg = Debug|Any CPU
		{3F08A755-28D5-4F85-BE68-84BBA61B36CD}.Debug|Any CPU.Build.0 = Debug|Any CPU
		{3F08A755-28D5-4F85-BE68-84BBA61B36CD}.Debug|x64.ActiveCfg = Debug|Any CPU
		{3F08A755-28D5-4F85-BE68-84BBA61B36CD}.Debug|x64.Build.0 = Debug|Any CPU
		{3F08A755-28D5-4F85-BE68-84BBA61B36CD}.Debug|x86.ActiveCfg = Debug|Any CPU
		{3F08A755-28D5-4F85-BE68-84BBA61B36CD}.Debug|x86.Build.0 = Debug|Any CPU
		{3F08A755-28D5-4F85-BE68-84BBA61B36CD}.Release|Any CPU.ActiveCfg = Release|Any CPU
		{3F08A755-28D5-4F85-BE68-84BBA61B36CD}.Release|Any CPU.Build.0 = Release|Any CPU
		{3F08A755-28D5-4F85-BE68-84BBA61B36CD}.Release|x64.ActiveCfg = Release|Any CPU
		{3F08A755-28D5-4F85-BE68-84BBA61B36CD}.Release|x64.Build.0 = Release|Any CPU
		{3F08A755-28D5-4F85-BE68-84BBA61B36CD}.Release|x86.ActiveCfg = Release|Any CPU
		{3F08A755-28D5-4F85-BE68-84BBA61B36CD}.Release|x86.Build.0 = Release|Any CPU
		{F48511B6-7A02-4FFB-BDCB-E6D117661DAD}.Debug|Any CPU.ActiveCfg = Debug|Any CPU
		{F48511B6-7A02-4FFB-BDCB-E6D117661DAD}.Debug|Any CPU.Build.0 = Debug|Any CPU
		{F48511B6-7A02-4FFB-BDCB-E6D117661DAD}.Debug|x64.ActiveCfg = Debug|Any CPU
		{F48511B6-7A02-4FFB-BDCB-E6D117661DAD}.Debug|x64.Build.0 = Debug|Any CPU
		{F48511B6-7A02-4FFB-BDCB-E6D117661DAD}.Debug|x86.ActiveCfg = Debug|Any CPU
		{F48511B6-7A02-4FFB-BDCB-E6D117661DAD}.Debug|x86.Build.0 = Debug|Any CPU
		{F48511B6-7A02-4FFB-BDCB-E6D117661DAD}.Release|Any CPU.ActiveCfg = Release|Any CPU
		{F48511B6-7A02-4FFB-BDCB-E6D117661DAD}.Release|Any CPU.Build.0 = Release|Any CPU
		{F48511B6-7A02-4FFB-BDCB-E6D117661DAD}.Release|x64.ActiveCfg = Release|Any CPU
		{F48511B6-7A02-4FFB-BDCB-E6D117661DAD}.Release|x64.Build.0 = Release|Any CPU
		{F48511B6-7A02-4FFB-BDCB-E6D117661DAD}.Release|x86.ActiveCfg = Release|Any CPU
		{F48511B6-7A02-4FFB-BDCB-E6D117661DAD}.Release|x86.Build.0 = Release|Any CPU
		{9BB4373F-F2F8-4CB3-B1B2-74E5864DE058}.Debug|Any CPU.ActiveCfg = Debug|Any CPU
		{9BB4373F-F2F8-4CB3-B1B2-74E5864DE058}.Debug|Any CPU.Build.0 = Debug|Any CPU
		{9BB4373F-F2F8-4CB3-B1B2-74E5864DE058}.Debug|x64.ActiveCfg = Debug|Any CPU
		{9BB4373F-F2F8-4CB3-B1B2-74E5864DE058}.Debug|x64.Build.0 = Debug|Any CPU
		{9BB4373F-F2F8-4CB3-B1B2-74E5864DE058}.Debug|x86.ActiveCfg = Debug|Any CPU
		{9BB4373F-F2F8-4CB3-B1B2-74E5864DE058}.Debug|x86.Build.0 = Debug|Any CPU
		{9BB4373F-F2F8-4CB3-B1B2-74E5864DE058}.Release|Any CPU.ActiveCfg = Release|Any CPU
		{9BB4373F-F2F8-4CB3-B1B2-74E5864DE058}.Release|Any CPU.Build.0 = Release|Any CPU
		{9BB4373F-F2F8-4CB3-B1B2-74E5864DE058}.Release|x64.ActiveCfg = Release|Any CPU
		{9BB4373F-F2F8-4CB3-B1B2-74E5864DE058}.Release|x64.Build.0 = Release|Any CPU
		{9BB4373F-F2F8-4CB3-B1B2-74E5864DE058}.Release|x86.ActiveCfg = Release|Any CPU
		{9BB4373F-F2F8-4CB3-B1B2-74E5864DE058}.Release|x86.Build.0 = Release|Any CPU
		{7B15E1B3-5459-4004-97C2-F4F2D2B2B066}.Debug|Any CPU.ActiveCfg = Debug|Any CPU
		{7B15E1B3-5459-4004-97C2-F4F2D2B2B066}.Debug|Any CPU.Build.0 = Debug|Any CPU
		{7B15E1B3-5459-4004-97C2-F4F2D2B2B066}.Debug|x64.ActiveCfg = Debug|Any CPU
		{7B15E1B3-5459-4004-97C2-F4F2D2B2B066}.Debug|x64.Build.0 = Debug|Any CPU
		{7B15E1B3-5459-4004-97C2-F4F2D2B2B066}.Debug|x86.ActiveCfg = Debug|Any CPU
		{7B15E1B3-5459-4004-97C2-F4F2D2B2B066}.Debug|x86.Build.0 = Debug|Any CPU
		{7B15E1B3-5459-4004-97C2-F4F2D2B2B066}.Release|Any CPU.ActiveCfg = Release|Any CPU
		{7B15E1B3-5459-4004-97C2-F4F2D2B2B066}.Release|Any CPU.Build.0 = Release|Any CPU
		{7B15E1B3-5459-4004-97C2-F4F2D2B2B066}.Release|x64.ActiveCfg = Release|Any CPU
		{7B15E1B3-5459-4004-97C2-F4F2D2B2B066}.Release|x64.Build.0 = Release|Any CPU
		{7B15E1B3-5459-4004-97C2-F4F2D2B2B066}.Release|x86.ActiveCfg = Release|Any CPU
		{7B15E1B3-5459-4004-97C2-F4F2D2B2B066}.Release|x86.Build.0 = Release|Any CPU
		{CBCEB039-9A0C-48B4-AE33-260B8E9130DD}.Debug|Any CPU.ActiveCfg = Debug|Any CPU
		{CBCEB039-9A0C-48B4-AE33-260B8E9130DD}.Debug|Any CPU.Build.0 = Debug|Any CPU
		{CBCEB039-9A0C-48B4-AE33-260B8E9130DD}.Debug|x64.ActiveCfg = Debug|Any CPU
		{CBCEB039-9A0C-48B4-AE33-260B8E9130DD}.Debug|x64.Build.0 = Debug|Any CPU
		{CBCEB039-9A0C-48B4-AE33-260B8E9130DD}.Debug|x86.ActiveCfg = Debug|Any CPU
		{CBCEB039-9A0C-48B4-AE33-260B8E9130DD}.Debug|x86.Build.0 = Debug|Any CPU
		{CBCEB039-9A0C-48B4-AE33-260B8E9130DD}.Release|Any CPU.ActiveCfg = Release|Any CPU
		{CBCEB039-9A0C-48B4-AE33-260B8E9130DD}.Release|Any CPU.Build.0 = Release|Any CPU
		{CBCEB039-9A0C-48B4-AE33-260B8E9130DD}.Release|x64.ActiveCfg = Release|Any CPU
		{CBCEB039-9A0C-48B4-AE33-260B8E9130DD}.Release|x64.Build.0 = Release|Any CPU
		{CBCEB039-9A0C-48B4-AE33-260B8E9130DD}.Release|x86.ActiveCfg = Release|Any CPU
		{CBCEB039-9A0C-48B4-AE33-260B8E9130DD}.Release|x86.Build.0 = Release|Any CPU
		{2F2F746E-2AF8-4C31-82A1-408C5EDF25E0}.Debug|Any CPU.ActiveCfg = Debug|Any CPU
		{2F2F746E-2AF8-4C31-82A1-408C5EDF25E0}.Debug|Any CPU.Build.0 = Debug|Any CPU
		{2F2F746E-2AF8-4C31-82A1-408C5EDF25E0}.Debug|x64.ActiveCfg = Debug|Any CPU
		{2F2F746E-2AF8-4C31-82A1-408C5EDF25E0}.Debug|x64.Build.0 = Debug|Any CPU
		{2F2F746E-2AF8-4C31-82A1-408C5EDF25E0}.Debug|x86.ActiveCfg = Debug|Any CPU
		{2F2F746E-2AF8-4C31-82A1-408C5EDF25E0}.Debug|x86.Build.0 = Debug|Any CPU
		{2F2F746E-2AF8-4C31-82A1-408C5EDF25E0}.Release|Any CPU.ActiveCfg = Release|Any CPU
		{2F2F746E-2AF8-4C31-82A1-408C5EDF25E0}.Release|Any CPU.Build.0 = Release|Any CPU
		{2F2F746E-2AF8-4C31-82A1-408C5EDF25E0}.Release|x64.ActiveCfg = Release|Any CPU
		{2F2F746E-2AF8-4C31-82A1-408C5EDF25E0}.Release|x64.Build.0 = Release|Any CPU
		{2F2F746E-2AF8-4C31-82A1-408C5EDF25E0}.Release|x86.ActiveCfg = Release|Any CPU
		{2F2F746E-2AF8-4C31-82A1-408C5EDF25E0}.Release|x86.Build.0 = Release|Any CPU
	EndGlobalSection
	GlobalSection(SolutionProperties) = preSolution
		HideSolutionNode = FALSE
	EndGlobalSection
	GlobalSection(NestedProjects) = preSolution
		{82F598EE-C92C-4343-9E84-0CFC01361A8B} = {A2BBADC8-1AD6-47DC-A1B8-19F443EA13B0}
		{61EABB7E-70C5-4DD3-9803-F150D4802B70} = {B319912E-B118-4F07-913B-A845CF451633}
		{CD92DCB1-BC90-4D95-9273-447B6DFC209F} = {B319912E-B118-4F07-913B-A845CF451633}
		{3F08A755-28D5-4F85-BE68-84BBA61B36CD} = {B319912E-B118-4F07-913B-A845CF451633}
		{F48511B6-7A02-4FFB-BDCB-E6D117661DAD} = {B319912E-B118-4F07-913B-A845CF451633}
		{9BB4373F-F2F8-4CB3-B1B2-74E5864DE058} = {5E2B186A-D164-463F-81FB-02962FECD672}
		{7B15E1B3-5459-4004-97C2-F4F2D2B2B066} = {A2BBADC8-1AD6-47DC-A1B8-19F443EA13B0}
		{CBCEB039-9A0C-48B4-AE33-260B8E9130DD} = {A2BBADC8-1AD6-47DC-A1B8-19F443EA13B0}
		{2F2F746E-2AF8-4C31-82A1-408C5EDF25E0} = {A2BBADC8-1AD6-47DC-A1B8-19F443EA13B0}
	EndGlobalSection
EndGlobal
